
Microsoft Visual Studio Solution File, Format Version 12.00
# Visual Studio Version 16
VisualStudioVersion = 16.0.30002.166
MinimumVisualStudioVersion = 10.0.40219.1
Project("{FAE04EC0-301F-11D3-BF4B-00C04F79EFBC}") = "OOP_lab_3_17_3", "OOP_lab_3_17_3\OOP_lab_3_17_3.csproj", "{2DF43A2A-385C-4DC1-8C72-7ED0EE017525}"
EndProject
Project("{2150E333-8FDC-42A3-9474-1A3956D46DE8}") = "Solution Items", "Solution Items", "{14DBDD0C-18D1-4099-BFE5-E3DF1DC83295}"
	ProjectSection(SolutionItems) = preProject
		.travis.yml = .travis.yml
	EndProjectSection
EndProject
Global
	GlobalSection(SolutionConfigurationPlatforms) = preSolution
		Debug|Any CPU = Debug|Any CPU
		Release|Any CPU = Release|Any CPU
	EndGlobalSection
	GlobalSection(ProjectConfigurationPlatforms) = postSolution
		{2DF43A2A-385C-4DC1-8C72-7ED0EE017525}.Debug|Any CPU.ActiveCfg = Debug|Any CPU
		{2DF43A2A-385C-4DC1-8C72-7ED0EE017525}.Debug|Any CPU.Build.0 = Debug|Any CPU
		{2DF43A2A-385C-4DC1-8C72-7ED0EE017525}.Release|Any CPU.ActiveCfg = Release|Any CPU
		{2DF43A2A-385C-4DC1-8C72-7ED0EE017525}.Release|Any CPU.Build.0 = Release|Any CPU
	EndGlobalSection
	GlobalSection(SolutionProperties) = preSolution
		HideSolutionNode = FALSE
	EndGlobalSection
	GlobalSection(ExtensibilityGlobals) = postSolution
		SolutionGuid = {3BC0DCE5-0713-4EB9-BE48-04551ED1ACB9}
	EndGlobalSection
EndGlobal
